
Microsoft Visual Studio Solution File, Format Version 12.00
# Visual Studio Version 17
VisualStudioVersion = 17.10.35013.160
MinimumVisualStudioVersion = 10.0.40219.1
Project("{8BC9CEB8-8B4A-11D0-8D11-00A0C91BC942}") = "Cat_Snake", "Cat_Snake.vcxproj", "{B47DC8AE-D68F-4F2A-AC12-E85E8A815F2F}"
EndProject
Global
	GlobalSection(SolutionConfigurationPlatforms) = preSolution
		Debug|x64 = Debug|x64
		Debug|x86 = Debug|x86
		Release|x64 = Release|x64
		Release|x86 = Release|x86
	EndGlobalSection
	GlobalSection(ProjectConfigurationPlatforms) = postSolution
		{B47DC8AE-D68F-4F2A-AC12-E85E8A815F2F}.Debug|x64.ActiveCfg = Debug|x64
		{B47DC8AE-D68F-4F2A-AC12-E85E8A815F2F}.Debug|x64.Build.0 = Debug|x64
		{B47DC8AE-D68F-4F2A-AC12-E85E8A815F2F}.Debug|x86.ActiveCfg = Debug|Win32
		{B47DC8AE-D68F-4F2A-AC12-E85E8A815F2F}.Debug|x86.Build.0 = Debug|Win32
		{B47DC8AE-D68F-4F2A-AC12-E85E8A815F2F}.Release|x64.ActiveCfg = Release|x64
		{B47DC8AE-D68F-4F2A-AC12-E85E8A815F2F}.Release|x64.Build.0 = Release|x64
		{B47DC8AE-D68F-4F2A-AC12-E85E8A815F2F}.Release|x86.ActiveCfg = Release|Win32
		{B47DC8AE-D68F-4F2A-AC12-E85E8A815F2F}.Release|x86.Build.0 = Release|Win32
	EndGlobalSection
	GlobalSection(SolutionProperties) = preSolution
		HideSolutionNode = FALSE
	EndGlobalSection
	GlobalSection(ExtensibilityGlobals) = postSolution
		SolutionGuid = {F44AB42E-FF02-468E-B59F-813CD68D8ED1}
	EndGlobalSection
EndGlobal
